
Microsoft Visual Studio Solution File, Format Version 12.00
# Visual Studio Version 17
VisualStudioVersion = 17.0.32014.148
MinimumVisualStudioVersion = 10.0.40219.1
Project("{FAE04EC0-301F-11D3-BF4B-00C04F79EFBC}") = "Space Race", "Space Race\Space Race.csproj", "{28F73334-5E1D-4C8F-95C6-D765DA6E9373}"
EndProject
Global
	GlobalSection(SolutionConfigurationPlatforms) = preSolution
		Debug|Any CPU = Debug|Any CPU
		Release|Any CPU = Release|Any CPU
	EndGlobalSection
	GlobalSection(ProjectConfigurationPlatforms) = postSolution
		{28F73334-5E1D-4C8F-95C6-D765DA6E9373}.Debug|Any CPU.ActiveCfg = Debug|Any CPU
		{28F73334-5E1D-4C8F-95C6-D765DA6E9373}.Debug|Any CPU.Build.0 = Debug|Any CPU
		{28F73334-5E1D-4C8F-95C6-D765DA6E9373}.Release|Any CPU.ActiveCfg = Release|Any CPU
		{28F73334-5E1D-4C8F-95C6-D765DA6E9373}.Release|Any CPU.Build.0 = Release|Any CPU
	EndGlobalSection
	GlobalSection(SolutionProperties) = preSolution
		HideSolutionNode = FALSE
	EndGlobalSection
	GlobalSection(ExtensibilityGlobals) = postSolution
		SolutionGuid = {7281F983-ABF4-4602-A007-7FD165FFECB3}
	EndGlobalSection
EndGlobal
